
Microsoft Visual Studio Solution File, Format Version 12.00
# Visual Studio Version 17
VisualStudioVersion = 17.8.34330.188
MinimumVisualStudioVersion = 10.0.40219.1
Project("{FAE04EC0-301F-11D3-BF4B-00C04F79EFBC}") = "Array", "Array\Array.csproj", "{3D50A2D0-55E7-40FB-B713-4C431F294D31}"
EndProject
Global
	GlobalSection(SolutionConfigurationPlatforms) = preSolution
		Debug|Any CPU = Debug|Any CPU
		Release|Any CPU = Release|Any CPU
	EndGlobalSection
	GlobalSection(ProjectConfigurationPlatforms) = postSolution
		{3D50A2D0-55E7-40FB-B713-4C431F294D31}.Debug|Any CPU.ActiveCfg = Debug|Any CPU
		{3D50A2D0-55E7-40FB-B713-4C431F294D31}.Debug|Any CPU.Build.0 = Debug|Any CPU
		{3D50A2D0-55E7-40FB-B713-4C431F294D31}.Release|Any CPU.ActiveCfg = Release|Any CPU
		{3D50A2D0-55E7-40FB-B713-4C431F294D31}.Release|Any CPU.Build.0 = Release|Any CPU
	EndGlobalSection
	GlobalSection(SolutionProperties) = preSolution
		HideSolutionNode = FALSE
	EndGlobalSection
	GlobalSection(ExtensibilityGlobals) = postSolution
		SolutionGuid = {32AD8072-C9E3-45EB-BEFB-2DA29B6890E2}
	EndGlobalSection
EndGlobal
